
Microsoft Visual Studio Solution File, Format Version 12.00
# Visual Studio Version 17
VisualStudioVersion = 17.1.32228.430
MinimumVisualStudioVersion = 10.0.40219.1
Project("{FAE04EC0-301F-11D3-BF4B-00C04F79EFBC}") = "AnyConnectController", "AnyConnectController\AnyConnectController.csproj", "{52053AC4-AC22-455B-9BF4-DFA4F6EC02D2}"
EndProject
Global
	GlobalSection(SolutionConfigurationPlatforms) = preSolution
		Debug|Any CPU = Debug|Any CPU
		Release|Any CPU = Release|Any CPU
	EndGlobalSection
	GlobalSection(ProjectConfigurationPlatforms) = postSolution
		{52053AC4-AC22-455B-9BF4-DFA4F6EC02D2}.Debug|Any CPU.ActiveCfg = Debug|Any CPU
		{52053AC4-AC22-455B-9BF4-DFA4F6EC02D2}.Debug|Any CPU.Build.0 = Debug|Any CPU
		{52053AC4-AC22-455B-9BF4-DFA4F6EC02D2}.Release|Any CPU.ActiveCfg = Release|Any CPU
		{52053AC4-AC22-455B-9BF4-DFA4F6EC02D2}.Release|Any CPU.Build.0 = Release|Any CPU
	EndGlobalSection
	GlobalSection(SolutionProperties) = preSolution
		HideSolutionNode = FALSE
	EndGlobalSection
	GlobalSection(ExtensibilityGlobals) = postSolution
		SolutionGuid = {1C37D2BF-AD94-4E9C-B60A-414CA7B09E55}
	EndGlobalSection
EndGlobal
